
Microsoft Visual Studio Solution File, Format Version 12.00
# Visual Studio Version 17
VisualStudioVersion = 17.0.32112.339
MinimumVisualStudioVersion = 10.0.40219.1
Project("{9A19103F-16F7-4668-BE54-9A1E7A4F7556}") = "Fontys.BlockExplorer.API", "Fontys.BlockExplorer.API\Fontys.BlockExplorer.API.csproj", "{E674D6CC-2E0E-4C66-9D38-53F03BD82FB0}"
EndProject
Project("{2150E333-8FDC-42A3-9474-1A3956D46DE8}") = "test", "test", "{3F161E25-CD83-4ACD-9BFC-BFBA6F44A4D7}"
EndProject
Project("{2150E333-8FDC-42A3-9474-1A3956D46DE8}") = "src", "src", "{229818BA-ABB6-49C1-8E88-0D39F9C2D217}"
	ProjectSection(SolutionItems) = preProject
		.dockerignore = .dockerignore
	EndProjectSection
EndProject
Project("{2150E333-8FDC-42A3-9474-1A3956D46DE8}") = "Application", "Application", "{842D4F52-BBED-45A9-A8B2-C11B8D5A5D30}"
EndProject
Project("{2150E333-8FDC-42A3-9474-1A3956D46DE8}") = "Infrastructure", "Infrastructure", "{2BD5B363-CABE-4D97-A560-786B92EE98E6}"
EndProject
Project("{2150E333-8FDC-42A3-9474-1A3956D46DE8}") = "Data", "Data", "{2D3AFD67-9714-4BE5-8609-946D4F991398}"
EndProject
Project("{2150E333-8FDC-42A3-9474-1A3956D46DE8}") = "Domain", "Domain", "{5C7B7850-EA70-4226-B64B-921225A86762}"
EndProject
Project("{9A19103F-16F7-4668-BE54-9A1E7A4F7556}") = "Fontys.BlockExplorer.Application", "Fontys.BlockExplorer.Application\Fontys.BlockExplorer.Application.csproj", "{15D85A84-DDBF-474C-8DDB-8EF190627A77}"
EndProject
Project("{9A19103F-16F7-4668-BE54-9A1E7A4F7556}") = "Fontys.BlockExplorer.Data", "Fontys.BlockExplorer.Data\Fontys.BlockExplorer.Data.csproj", "{C273A7B9-9A8B-4877-9AB3-CB64581EEE3F}"
EndProject
Project("{9A19103F-16F7-4668-BE54-9A1E7A4F7556}") = "Fontys.BlockExplorer.Domain", "Fontys.BlockExplorer.Domain\Fontys.BlockExplorer.Domain.csproj", "{508A97FA-2439-42A7-AF86-2C94F08D3B89}"
EndProject
Project("{9A19103F-16F7-4668-BE54-9A1E7A4F7556}") = "Fontys.BlockExplorer.NodeWarehouse", "Fontys.BlockExplorer.NodeWarehouse\Fontys.BlockExplorer.NodeWarehouse.csproj", "{7F4C3767-59BC-46A1-829E-4838EF54F05D}"
EndProject
Project("{9A19103F-16F7-4668-BE54-9A1E7A4F7556}") = "Fontys.BlockExplorer.NodeDataManager", "Fontys.BlockExplorer.NodeDataManager\Fontys.BlockExplorer.NodeDataManager.csproj", "{7AD096F5-7FDB-4DE9-9E00-9D41B6DF6922}"
EndProject
Project("{9A19103F-16F7-4668-BE54-9A1E7A4F7556}") = "Fontys.BlockExplorer.API.Test", "Fontys.BlockExplorer.API.Test\Fontys.BlockExplorer.API.Test.csproj", "{D5D6EB24-5DCC-443B-9965-C0D7B3BF600A}"
EndProject
Global
	GlobalSection(SolutionConfigurationPlatforms) = preSolution
		Debug|Any CPU = Debug|Any CPU
		Release|Any CPU = Release|Any CPU
	EndGlobalSection
	GlobalSection(ProjectConfigurationPlatforms) = postSolution
		{E674D6CC-2E0E-4C66-9D38-53F03BD82FB0}.Debug|Any CPU.ActiveCfg = Debug|Any CPU
		{E674D6CC-2E0E-4C66-9D38-53F03BD82FB0}.Debug|Any CPU.Build.0 = Debug|Any CPU
		{E674D6CC-2E0E-4C66-9D38-53F03BD82FB0}.Release|Any CPU.ActiveCfg = Release|Any CPU
		{E674D6CC-2E0E-4C66-9D38-53F03BD82FB0}.Release|Any CPU.Build.0 = Release|Any CPU
		{15D85A84-DDBF-474C-8DDB-8EF190627A77}.Debug|Any CPU.ActiveCfg = Debug|Any CPU
		{15D85A84-DDBF-474C-8DDB-8EF190627A77}.Debug|Any CPU.Build.0 = Debug|Any CPU
		{15D85A84-DDBF-474C-8DDB-8EF190627A77}.Release|Any CPU.ActiveCfg = Release|Any CPU
		{15D85A84-DDBF-474C-8DDB-8EF190627A77}.Release|Any CPU.Build.0 = Release|Any CPU
		{C273A7B9-9A8B-4877-9AB3-CB64581EEE3F}.Debug|Any CPU.ActiveCfg = Debug|Any CPU
		{C273A7B9-9A8B-4877-9AB3-CB64581EEE3F}.Debug|Any CPU.Build.0 = Debug|Any CPU
		{C273A7B9-9A8B-4877-9AB3-CB64581EEE3F}.Release|Any CPU.ActiveCfg = Release|Any CPU
		{C273A7B9-9A8B-4877-9AB3-CB64581EEE3F}.Release|Any CPU.Build.0 = Release|Any CPU
		{508A97FA-2439-42A7-AF86-2C94F08D3B89}.Debug|Any CPU.ActiveCfg = Debug|Any CPU
		{508A97FA-2439-42A7-AF86-2C94F08D3B89}.Debug|Any CPU.Build.0 = Debug|Any CPU
		{508A97FA-2439-42A7-AF86-2C94F08D3B89}.Release|Any CPU.ActiveCfg = Release|Any CPU
		{508A97FA-2439-42A7-AF86-2C94F08D3B89}.Release|Any CPU.Build.0 = Release|Any CPU
		{7F4C3767-59BC-46A1-829E-4838EF54F05D}.Debug|Any CPU.ActiveCfg = Debug|Any CPU
		{7F4C3767-59BC-46A1-829E-4838EF54F05D}.Debug|Any CPU.Build.0 = Debug|Any CPU
		{7F4C3767-59BC-46A1-829E-4838EF54F05D}.Release|Any CPU.ActiveCfg = Release|Any CPU
		{7F4C3767-59BC-46A1-829E-4838EF54F05D}.Release|Any CPU.Build.0 = Release|Any CPU
		{7AD096F5-7FDB-4DE9-9E00-9D41B6DF6922}.Debug|Any CPU.ActiveCfg = Debug|Any CPU
		{7AD096F5-7FDB-4DE9-9E00-9D41B6DF6922}.Debug|Any CPU.Build.0 = Debug|Any CPU
		{7AD096F5-7FDB-4DE9-9E00-9D41B6DF6922}.Release|Any CPU.ActiveCfg = Release|Any CPU
		{7AD096F5-7FDB-4DE9-9E00-9D41B6DF6922}.Release|Any CPU.Build.0 = Release|Any CPU
		{D5D6EB24-5DCC-443B-9965-C0D7B3BF600A}.Debug|Any CPU.ActiveCfg = Debug|Any CPU
		{D5D6EB24-5DCC-443B-9965-C0D7B3BF600A}.Debug|Any CPU.Build.0 = Debug|Any CPU
		{D5D6EB24-5DCC-443B-9965-C0D7B3BF600A}.Release|Any CPU.ActiveCfg = Release|Any CPU
		{D5D6EB24-5DCC-443B-9965-C0D7B3BF600A}.Release|Any CPU.Build.0 = Release|Any CPU
	EndGlobalSection
	GlobalSection(SolutionProperties) = preSolution
		HideSolutionNode = FALSE
	EndGlobalSection
	GlobalSection(NestedProjects) = preSolution
		{E674D6CC-2E0E-4C66-9D38-53F03BD82FB0} = {2BD5B363-CABE-4D97-A560-786B92EE98E6}
		{842D4F52-BBED-45A9-A8B2-C11B8D5A5D30} = {229818BA-ABB6-49C1-8E88-0D39F9C2D217}
		{2BD5B363-CABE-4D97-A560-786B92EE98E6} = {229818BA-ABB6-49C1-8E88-0D39F9C2D217}
		{2D3AFD67-9714-4BE5-8609-946D4F991398} = {229818BA-ABB6-49C1-8E88-0D39F9C2D217}
		{5C7B7850-EA70-4226-B64B-921225A86762} = {229818BA-ABB6-49C1-8E88-0D39F9C2D217}
		{15D85A84-DDBF-474C-8DDB-8EF190627A77} = {842D4F52-BBED-45A9-A8B2-C11B8D5A5D30}
		{C273A7B9-9A8B-4877-9AB3-CB64581EEE3F} = {2D3AFD67-9714-4BE5-8609-946D4F991398}
		{508A97FA-2439-42A7-AF86-2C94F08D3B89} = {5C7B7850-EA70-4226-B64B-921225A86762}
		{7F4C3767-59BC-46A1-829E-4838EF54F05D} = {2BD5B363-CABE-4D97-A560-786B92EE98E6}
		{7AD096F5-7FDB-4DE9-9E00-9D41B6DF6922} = {2BD5B363-CABE-4D97-A560-786B92EE98E6}
		{D5D6EB24-5DCC-443B-9965-C0D7B3BF600A} = {3F161E25-CD83-4ACD-9BFC-BFBA6F44A4D7}
	EndGlobalSection
	GlobalSection(ExtensibilityGlobals) = postSolution
		SolutionGuid = {86BB9A63-EE75-458E-9F4E-16EA568C20DD}
	EndGlobalSection
EndGlobal
